# THIS IS AN AUTOGENERATED FILE. DO NOT EDIT THIS FILE DIRECTLY.
# yarn lockfile v1


"@step-lang/step-core@^0.1.4":
  version "0.1.10"
  resolved "https://registry.yarnpkg.com/@step-lang/step-core/-/step-core-0.1.10.tgz#0015c041087afea0564e4342d82e98376912778c"
  integrity sha512-zMXJcRydlXRKnGx/lb5D7RI6lU7MhWQjX3rPPYp6nvS2AcImkCXxA5PGowounbmKRF48Rx1RZ2u7+GE6jR9WwA==
  dependencies:
    chevrotain "^7.0.1"
    decimal.js "^10.2.1"
    extensible-custom-error "^0.0.7"
    fs-extra "^8.1.0"
    lodash "^4.17.15"

"@types/node@^16.7.1":
  version "16.7.1"
  resolved "https://registry.yarnpkg.com/@types/node/-/node-16.7.1.tgz#c6b9198178da504dfca1fd0be9b2e1002f1586f0"
  integrity sha512-ncRdc45SoYJ2H4eWU9ReDfp3vtFqDYhjOsKlFFUDEn8V1Bgr2RjYal8YT5byfadWIRluhPFU6JiDOl0H6Sl87A==

chevrotain@^7.0.1:
  version "7.1.2"
  resolved "https://registry.yarnpkg.com/chevrotain/-/chevrotain-7.1.2.tgz#40e634c0b74fcb552118bf67f42f5820b84881fd"
  integrity sha512-9bQsXVQ7UAvzMs7iUBBJ9Yv//exOy7bIR3PByOEk4M64vIE/LsiOiX7VIkMF/vEMlrSStwsaE884Bp9CpjtC5g==
  dependencies:
    regexp-to-ast "0.5.0"

decimal.js@^10.2.1:
  version "10.3.1"
  resolved "https://registry.yarnpkg.com/decimal.js/-/decimal.js-10.3.1.tgz#d8c3a444a9c6774ba60ca6ad7261c3a94fd5e783"
  integrity sha512-V0pfhfr8suzyPGOx3nmq4aHqabehUZn6Ch9kyFpV79TGDTWFmHqUqXdabR7QHqxzrYolF4+tVmJhUG4OURg5dQ==

extensible-custom-error@^0.0.7:
  version "0.0.7"
  resolved "https://registry.yarnpkg.com/extensible-custom-error/-/extensible-custom-error-0.0.7.tgz#4d6cc86c71d60a0e11fa8d24972104720cd30305"
  integrity sha512-1tgubPkgC+Qi2nUpulI7hGddHh0fA8hXu3P0LBUq2pamZL52KSJZqMu8Q3CiA6kf7Irn/CU1fJe6y4igHCwu4Q==

fs-extra@^8.1.0:
  version "8.1.0"
  resolved "https://registry.yarnpkg.com/fs-extra/-/fs-extra-8.1.0.tgz#49d43c45a88cd9677668cb7be1b46efdb8d2e1c0"
  integrity sha512-yhlQgA6mnOJUKOsRUFsgJdQCvkKhcz8tlZG5HBQfReYZy46OwLcY+Zia0mtdHsOo9y/hP+CxMN0TU9QxoOtG4g==
  dependencies:
    graceful-fs "^4.2.0"
    jsonfile "^4.0.0"
    universalify "^0.1.0"

graceful-fs@^4.1.6, graceful-fs@^4.2.0:
  version "4.2.8"
  resolved "https://registry.yarnpkg.com/graceful-fs/-/graceful-fs-4.2.8.tgz#e412b8d33f5e006593cbd3cee6df9f2cebbe802a"
  integrity sha512-qkIilPUYcNhJpd33n0GBXTB1MMPp14TxEsEs0pTrsSVucApsYzW5V+Q8Qxhik6KU3evy+qkAAowTByymK0avdg==

jsonfile@^4.0.0:
  version "4.0.0"
  resolved "https://registry.yarnpkg.com/jsonfile/-/jsonfile-4.0.0.tgz#8771aae0799b64076b76640fca058f9c10e33ecb"
  integrity sha1-h3Gq4HmbZAdrdmQPygWPnBDjPss=
  optionalDependencies:
    graceful-fs "^4.1.6"

lodash@^4.17.15:
  version "4.17.21"
  resolved "https://registry.yarnpkg.com/lodash/-/lodash-4.17.21.tgz#679591c564c3bffaae8454cf0b3df370c3d6911c"
  integrity sha512-v2kDEe57lecTulaDIuNTPy3Ry4gLGJ6Z1O3vE1krgXZNrsQ+LFTGHVxVjcXPs17LhbZVGedAJv8XZ1tvj5FvSg==

regexp-to-ast@0.5.0:
  version "0.5.0"
  resolved "https://registry.yarnpkg.com/regexp-to-ast/-/regexp-to-ast-0.5.0.tgz#56c73856bee5e1fef7f73a00f1473452ab712a24"
  integrity sha512-tlbJqcMHnPKI9zSrystikWKwHkBqu2a/Sgw01h3zFjvYrMxEDYHzzoMZnUrbIfpTFEsoRnnviOXNCzFiSc54Qw==

universalify@^0.1.0:
  version "0.1.2"
  resolved "https://registry.yarnpkg.com/universalify/-/universalify-0.1.2.tgz#b646f69be3942dabcecc9d6639c80dc105efaa66"
  integrity sha512-rBJeI5CXAlmy1pV+617WB9J63U6XcazHHF2f2dbJix4XzpUF0RS3Zbj0FGIOCAva5P/d/GBOYaACQ1w+0azUkg==
